# This file is automatically @generated by Cargo.
# It is not intended for manual editing.
version = 3

[[package]]
name = "i-herenow-serde-generate-code"
version = "0.1.0"
dependencies = [
 "i-herenow-serde-generate-types",
 "linkme",
 "serde",
 "serde-reflection",
]

[[package]]
name = "i-herenow-serde-generate-derive"
version = "0.1.0"
dependencies = [
 "i-herenow-serde-generate-code",
 "i-herenow-serde-generate-types",
 "linkme",
 "proc-macro2",
 "quote",
 "serde",
 "serde_derive_internals",
 "serde_json",
 "syn",
]

[[package]]
name = "i-herenow-serde-generate-types"
version = "0.1.0"
dependencies = [
 "serde",
]

[[package]]
name = "itoa"
version = "1.0.6"
source = "registry+https://github.com/rust-lang/crates.io-index"
checksum = "453ad9f582a441959e5f0d088b02ce04cfe8d51a8eaf077f12ac6d3e94164ca6"

[[package]]
name = "linkme"
version = "0.3.10"
source = "registry+https://github.com/rust-lang/crates.io-index"
checksum = "97f3302efc6ebb7b5f0810a1096dbbb44a536711a4576bc89264a8f9a1d634d8"
dependencies = [
 "linkme-impl",
]

[[package]]
name = "linkme-impl"
version = "0.3.10"
source = "registry+https://github.com/rust-lang/crates.io-index"
checksum = "279a77bf40c85a08513aca203635b96610ebf0e37a92cb0cee76e04da100a426"
dependencies = [
 "proc-macro2",
 "quote",
 "syn",
]

[[package]]
name = "once_cell"
version = "1.18.0"
source = "registry+https://github.com/rust-lang/crates.io-index"
checksum = "dd8b5dd2ae5ed71462c540258bedcb51965123ad7e7ccf4b9a8cafaa4a63576d"

[[package]]
name = "proc-macro2"
version = "1.0.63"
source = "registry+https://github.com/rust-lang/crates.io-index"
checksum = "7b368fba921b0dce7e60f5e04ec15e565b3303972b42bcfde1d0713b881959eb"
dependencies = [
 "unicode-ident",
]

[[package]]
name = "quote"
version = "1.0.28"
source = "registry+https://github.com/rust-lang/crates.io-index"
checksum = "1b9ab9c7eadfd8df19006f1cf1a4aed13540ed5cbc047010ece5826e10825488"
dependencies = [
 "proc-macro2",
]

[[package]]
name = "ryu"
version = "1.0.13"
source = "registry+https://github.com/rust-lang/crates.io-index"
checksum = "f91339c0467de62360649f8d3e185ca8de4224ff281f66000de5eb2a77a79041"

[[package]]
name = "serde"
version = "1.0.164"
source = "registry+https://github.com/rust-lang/crates.io-index"
checksum = "9e8c8cf938e98f769bc164923b06dce91cea1751522f46f8466461af04c9027d"
dependencies = [
 "serde_derive",
]

[[package]]
name = "serde-reflection"
version = "0.3.6"
source = "registry+https://github.com/rust-lang/crates.io-index"
checksum = "f05a5f801ac62a51a49d378fdb3884480041b99aced450b28990673e8ff99895"
dependencies = [
 "once_cell",
 "serde",
 "thiserror",
]

[[package]]
name = "serde_derive"
version = "1.0.164"
source = "registry+https://github.com/rust-lang/crates.io-index"
checksum = "d9735b638ccc51c28bf6914d90a2e9725b377144fc612c49a611fddd1b631d68"
dependencies = [
 "proc-macro2",
 "quote",
 "syn",
]

[[package]]
name = "serde_derive_internals"
version = "0.28.0"
source = "registry+https://github.com/rust-lang/crates.io-index"
checksum = "e578a843d40b4189a4d66bba51d7684f57da5bd7c304c64e14bd63efbef49509"
dependencies = [
 "proc-macro2",
 "quote",
 "syn",
]

[[package]]
name = "serde_json"
version = "1.0.99"
source = "registry+https://github.com/rust-lang/crates.io-index"
checksum = "46266871c240a00b8f503b877622fe33430b3c7d963bdc0f2adc511e54a1eae3"
dependencies = [
 "itoa",
 "ryu",
 "serde",
]

[[package]]
name = "syn"
version = "2.0.22"
source = "registry+https://github.com/rust-lang/crates.io-index"
checksum = "2efbeae7acf4eabd6bcdcbd11c92f45231ddda7539edc7806bd1a04a03b24616"
dependencies = [
 "proc-macro2",
 "quote",
 "unicode-ident",
]

[[package]]
name = "thiserror"
version = "1.0.40"
source = "registry+https://github.com/rust-lang/crates.io-index"
checksum = "978c9a314bd8dc99be594bc3c175faaa9794be04a5a5e153caba6915336cebac"
dependencies = [
 "thiserror-impl",
]

[[package]]
name = "thiserror-impl"
version = "1.0.40"
source = "registry+https://github.com/rust-lang/crates.io-index"
checksum = "f9456a42c5b0d803c8cd86e73dd7cc9edd429499f37a3550d286d5e86720569f"
dependencies = [
 "proc-macro2",
 "quote",
 "syn",
]

[[package]]
name = "unicode-ident"
version = "1.0.9"
source = "registry+https://github.com/rust-lang/crates.io-index"
checksum = "b15811caf2415fb889178633e7724bad2509101cde276048e013b9def5e51fa0"
